// !$*UTF8*$!
{
	archiveVersion = 1;
	classes = {
	};
	objectVersion = 56;
	objects = {

/* Begin PBXBuildFile section */
		544768012B8C9697003AB8B4 /* AppDelegate.swift in Sources */ = {isa = PBXBuildFile; fileRef = 544768002B8C9697003AB8B4 /* AppDelegate.swift */; };
		544768032B8C9697003AB8B4 /* SceneDelegate.swift in Sources */ = {isa = PBXBuildFile; fileRef = 544768022B8C9697003AB8B4 /* SceneDelegate.swift */; };
		544768052B8C9697003AB8B4 /* ViewController.swift in Sources */ = {isa = PBXBuildFile; fileRef = 544768042B8C9697003AB8B4 /* ViewController.swift */; };
		544768082B8C9697003AB8B4 /* Main.storyboard in Resources */ = {isa = PBXBuildFile; fileRef = 544768062B8C9697003AB8B4 /* Main.storyboard */; };
		5447680A2B8C9699003AB8B4 /* Assets.xcassets in Resources */ = {isa = PBXBuildFile; fileRef = 544768092B8C9699003AB8B4 /* Assets.xcassets */; };
		5447680D2B8C9699003AB8B4 /* LaunchScreen.storyboard in Resources */ = {isa = PBXBuildFile; fileRef = 5447680B2B8C9699003AB8B4 /* LaunchScreen.storyboard */; };
		544768182B8C9699003AB8B4 /* Labaratory4Tests.swift in Sources */ = {isa = PBXBuildFile; fileRef = 544768172B8C9699003AB8B4 /* Labaratory4Tests.swift */; };
		544768222B8C9699003AB8B4 /* Labaratory4UITests.swift in Sources */ = {isa = PBXBuildFile; fileRef = 544768212B8C9699003AB8B4 /* Labaratory4UITests.swift */; };
		544768242B8C9699003AB8B4 /* Labaratory4UITestsLaunchTests.swift in Sources */ = {isa = PBXBuildFile; fileRef = 544768232B8C9699003AB8B4 /* Labaratory4UITestsLaunchTests.swift */; };
/* End PBXBuildFile section */

/* Begin PBXContainerItemProxy section */
		544768142B8C9699003AB8B4 /* PBXContainerItemProxy */ = {
			isa = PBXContainerItemProxy;
			containerPortal = 544767F52B8C9697003AB8B4 /* Project object */;
			proxyType = 1;
			remoteGlobalIDString = 544767FC2B8C9697003AB8B4;
			remoteInfo = Labaratory4;
		};
		5447681E2B8C9699003AB8B4 /* PBXContainerItemProxy */ = {
			isa = PBXContainerItemProxy;
			containerPortal = 544767F52B8C9697003AB8B4 /* Project object */;
			proxyType = 1;
			remoteGlobalIDString = 544767FC2B8C9697003AB8B4;
			remoteInfo = Labaratory4;
		};
/* End PBXContainerItemProxy section */

/* Begin PBXFileReference section */
		544767FD2B8C9697003AB8B4 /* Labaratory4.app */ = {isa = PBXFileReference; explicitFileType = wrapper.application; includeInIndex = 0; path = Labaratory4.app; sourceTree = BUILT_PRODUCTS_DIR; };
		544768002B8C9697003AB8B4 /* AppDelegate.swift */ = {isa = PBXFileReference; lastKnownFileType = sourcecode.swift; path = AppDelegate.swift; sourceTree = "<group>"; };
		544768022B8C9697003AB8B4 /* SceneDelegate.swift */ = {isa = PBXFileReference; lastKnownFileType = sourcecode.swift; path = SceneDelegate.swift; sourceTree = "<group>"; };
		544768042B8C9697003AB8B4 /* ViewController.swift */ = {isa = PBXFileReference; lastKnownFileType = sourcecode.swift; path = ViewController.swift; sourceTree = "<group>"; };
		544768072B8C9697003AB8B4 /* Base */ = {isa = PBXFileReference; lastKnownFileType = file.storyboard; name = Base; path = Base.lproj/Main.storyboard; sourceTree = "<group>"; };
		544768092B8C9699003AB8B4 /* Assets.xcassets */ = {isa = PBXFileReference; lastKnownFileType = folder.assetcatalog; path = Assets.xcassets; sourceTree = "<group>"; };
		5447680C2B8C9699003AB8B4 /* Base */ = {isa = PBXFileReference; lastKnownFileType = file.storyboard; name = Base; path = Base.lproj/LaunchScreen.storyboard; sourceTree = "<group>"; };
		5447680E2B8C9699003AB8B4 /* Info.plist */ = {isa = PBXFileReference; lastKnownFileType = text.plist.xml; path = Info.plist; sourceTree = "<group>"; };
		544768132B8C9699003AB8B4 /* Labaratory4Tests.xctest */ = {isa = PBXFileReference; explicitFileType = wrapper.cfbundle; includeInIndex = 0; path = Labaratory4Tests.xctest; sourceTree = BUILT_PRODUCTS_DIR; };
		544768172B8C9699003AB8B4 /* Labaratory4Tests.swift */ = {isa = PBXFileReference; lastKnownFileType = sourcecode.swift; path = Labaratory4Tests.swift; sourceTree = "<group>"; };
		5447681D2B8C9699003AB8B4 /* Labaratory4UITests.xctest */ = {isa = PBXFileReference; explicitFileType = wrapper.cfbundle; includeInIndex = 0; path = Labaratory4UITests.xctest; sourceTree = BUILT_PRODUCTS_DIR; };
		544768212B8C9699003AB8B4 /* Labaratory4UITests.swift */ = {isa = PBXFileReference; lastKnownFileType = sourcecode.swift; path = Labaratory4UITests.swift; sourceTree = "<group>"; };
		544768232B8C9699003AB8B4 /* Labaratory4UITestsLaunchTests.swift */ = {isa = PBXFileReference; lastKnownFileType = sourcecode.swift; path = Labaratory4UITestsLaunchTests.swift; sourceTree = "<group>"; };
/* End PBXFileReference section */

/* Begin PBXFrameworksBuildPhase section */
		544767FA2B8C9697003AB8B4 /* Frameworks */ = {
			isa = PBXFrameworksBuildPhase;
			buildActionMask = 2147483647;
			files = (
			);
			runOnlyForDeploymentPostprocessing = 0;
		};
		544768102B8C9699003AB8B4 /* Frameworks */ = {
			isa = PBXFrameworksBuildPhase;
			buildActionMask = 2147483647;
			files = (
			);
			runOnlyForDeploymentPostprocessing = 0;
		};
		5447681A2B8C9699003AB8B4 /* Frameworks */ = {
			isa = PBXFrameworksBuildPhase;
			buildActionMask = 2147483647;
			files = (
			);
			runOnlyForDeploymentPostprocessing = 0;
		};
/* End PBXFrameworksBuildPhase section */

/* Begin PBXGroup section */
		544767F42B8C9697003AB8B4 = {
			isa = PBXGroup;
			children = (
				544767FF2B8C9697003AB8B4 /* Labaratory4 */,
				544768162B8C9699003AB8B4 /* Labaratory4Tests */,
				544768202B8C9699003AB8B4 /* Labaratory4UITests */,
				544767FE2B8C9697003AB8B4 /* Products */,
			);
			sourceTree = "<group>";
		};
		544767FE2B8C9697003AB8B4 /* Products */ = {
			isa = PBXGroup;
			children = (
				544767FD2B8C9697003AB8B4 /* Labaratory4.app */,
				544768132B8C9699003AB8B4 /* Labaratory4Tests.xctest */,
				5447681D2B8C9699003AB8B4 /* Labaratory4UITests.xctest */,
			);
			name = Products;
			sourceTree = "<group>";
		};
		544767FF2B8C9697003AB8B4 /* Labaratory4 */ = {
			isa = PBXGroup;
			children = (
				544768002B8C9697003AB8B4 /* AppDelegate.swift */,
				544768022B8C9697003AB8B4 /* SceneDelegate.swift */,
				544768042B8C9697003AB8B4 /* ViewController.swift */,
				544768062B8C9697003AB8B4 /* Main.storyboard */,
				544768092B8C9699003AB8B4 /* Assets.xcassets */,
				5447680B2B8C9699003AB8B4 /* LaunchScreen.storyboard */,
				5447680E2B8C9699003AB8B4 /* Info.plist */,
			);
			path = Labaratory4;
			sourceTree = "<group>";
		};
		544768162B8C9699003AB8B4 /* Labaratory4Tests */ = {
			isa = PBXGroup;
			children = (
				544768172B8C9699003AB8B4 /* Labaratory4Tests.swift */,
			);
			path = Labaratory4Tests;
			sourceTree = "<group>";
		};
		544768202B8C9699003AB8B4 /* Labaratory4UITests */ = {
			isa = PBXGroup;
			children = (
				544768212B8C9699003AB8B4 /* Labaratory4UITests.swift */,
				544768232B8C9699003AB8B4 /* Labaratory4UITestsLaunchTests.swift */,
			);
			path = Labaratory4UITests;
			sourceTree = "<group>";
		};
/* End PBXGroup section */

/* Begin PBXNativeTarget section */
		544767FC2B8C9697003AB8B4 /* Labaratory4 */ = {
			isa = PBXNativeTarget;
			buildConfigurationList = 544768272B8C9699003AB8B4 /* Build configuration list for PBXNativeTarget "Labaratory4" */;
			buildPhases = (
				544767F92B8C9697003AB8B4 /* Sources */,
				544767FA2B8C9697003AB8B4 /* Frameworks */,
				544767FB2B8C9697003AB8B4 /* Resources */,
			);
			buildRules = (
			);
			dependencies = (
			);
			name = Labaratory4;
			productName = Labaratory4;
			productReference = 544767FD2B8C9697003AB8B4 /* Labaratory4.app */;
			productType = "com.apple.product-type.application";
		};
		544768122B8C9699003AB8B4 /* Labaratory4Tests */ = {
			isa = PBXNativeTarget;
			buildConfigurationList = 5447682A2B8C9699003AB8B4 /* Build configuration list for PBXNativeTarget "Labaratory4Tests" */;
			buildPhases = (
				5447680F2B8C9699003AB8B4 /* Sources */,
				544768102B8C9699003AB8B4 /* Frameworks */,
				544768112B8C9699003AB8B4 /* Resources */,
			);
			buildRules = (
			);
			dependencies = (
				544768152B8C9699003AB8B4 /* PBXTargetDependency */,
			);
			name = Labaratory4Tests;
			productName = Labaratory4Tests;
			productReference = 544768132B8C9699003AB8B4 /* Labaratory4Tests.xctest */;
			productType = "com.apple.product-type.bundle.unit-test";
		};
		5447681C2B8C9699003AB8B4 /* Labaratory4UITests */ = {
			isa = PBXNativeTarget;
			buildConfigurationList = 5447682D2B8C9699003AB8B4 /* Build configuration list for PBXNativeTarget "Labaratory4UITests" */;
			buildPhases = (
				544768192B8C9699003AB8B4 /* Sources */,
				5447681A2B8C9699003AB8B4 /* Frameworks */,
				5447681B2B8C9699003AB8B4 /* Resources */,
			);
			buildRules = (
			);
			dependencies = (
				5447681F2B8C9699003AB8B4 /* PBXTargetDependency */,
			);
			name = Labaratory4UITests;
			productName = Labaratory4UITests;
			productReference = 5447681D2B8C9699003AB8B4 /* Labaratory4UITests.xctest */;
			productType = "com.apple.product-type.bundle.ui-testing";
		};
/* End PBXNativeTarget section */

/* Begin PBXProject section */
		544767F52B8C9697003AB8B4 /* Project object */ = {
			isa = PBXProject;
			attributes = {
				BuildIndependentTargetsInParallel = 1;
				LastSwiftUpdateCheck = 1520;
				LastUpgradeCheck = 1520;
				TargetAttributes = {
					544767FC2B8C9697003AB8B4 = {
						CreatedOnToolsVersion = 15.2;
					};
					544768122B8C9699003AB8B4 = {
						CreatedOnToolsVersion = 15.2;
						TestTargetID = 544767FC2B8C9697003AB8B4;
					};
					5447681C2B8C9699003AB8B4 = {
						CreatedOnToolsVersion = 15.2;
						TestTargetID = 544767FC2B8C9697003AB8B4;
					};
				};
			};
			buildConfigurationList = 544767F82B8C9697003AB8B4 /* Build configuration list for PBXProject "Labaratory4" */;
			compatibilityVersion = "Xcode 14.0";
			developmentRegion = en;
			hasScannedForEncodings = 0;
			knownRegions = (
				en,
				Base,
			);
			mainGroup = 544767F42B8C9697003AB8B4;
			productRefGroup = 544767FE2B8C9697003AB8B4 /* Products */;
			projectDirPath = "";
			projectRoot = "";
			targets = (
				544767FC2B8C9697003AB8B4 /* Labaratory4 */,
				544768122B8C9699003AB8B4 /* Labaratory4Tests */,
				5447681C2B8C9699003AB8B4 /* Labaratory4UITests */,
			);
		};
/* End PBXProject section */

/* Begin PBXResourcesBuildPhase section */
		544767FB2B8C9697003AB8B4 /* Resources */ = {
			isa = PBXResourcesBuildPhase;
			buildActionMask = 2147483647;
			files = (
				5447680D2B8C9699003AB8B4 /* LaunchScreen.storyboard in Resources */,
				5447680A2B8C9699003AB8B4 /* Assets.xcassets in Resources */,
				544768082B8C9697003AB8B4 /* Main.storyboard in Resources */,
			);
			runOnlyForDeploymentPostprocessing = 0;
		};
		544768112B8C9699003AB8B4 /* Resources */ = {
			isa = PBXResourcesBuildPhase;
			buildActionMask = 2147483647;
			files = (
			);
			runOnlyForDeploymentPostprocessing = 0;
		};
		5447681B2B8C9699003AB8B4 /* Resources */ = {
			isa = PBXResourcesBuildPhase;
			buildActionMask = 2147483647;
			files = (
			);
			runOnlyForDeploymentPostprocessing = 0;
		};
/* End PBXResourcesBuildPhase section */

/* Begin PBXSourcesBuildPhase section */
		544767F92B8C9697003AB8B4 /* Sources */ = {
			isa = PBXSourcesBuildPhase;
			buildActionMask = 2147483647;
			files = (
				544768052B8C9697003AB8B4 /* ViewController.swift in Sources */,
				544768012B8C9697003AB8B4 /* AppDelegate.swift in Sources */,
				544768032B8C9697003AB8B4 /* SceneDelegate.swift in Sources */,
			);
			runOnlyForDeploymentPostprocessing = 0;
		};
		5447680F2B8C9699003AB8B4 /* Sources */ = {
			isa = PBXSourcesBuildPhase;
			buildActionMask = 2147483647;
			files = (
				544768182B8C9699003AB8B4 /* Labaratory4Tests.swift in Sources */,
			);
			runOnlyForDeploymentPostprocessing = 0;
		};
		544768192B8C9699003AB8B4 /* Sources */ = {
			isa = PBXSourcesBuildPhase;
			buildActionMask = 2147483647;
			files = (
				544768242B8C9699003AB8B4 /* Labaratory4UITestsLaunchTests.swift in Sources */,
				544768222B8C9699003AB8B4 /* Labaratory4UITests.swift in Sources */,
			);
			runOnlyForDeploymentPostprocessing = 0;
		};
/* End PBXSourcesBuildPhase section */

/* Begin PBXTargetDependency section */
		544768152B8C9699003AB8B4 /* PBXTargetDependency */ = {
			isa = PBXTargetDependency;
			target = 544767FC2B8C9697003AB8B4 /* Labaratory4 */;
			targetProxy = 544768142B8C9699003AB8B4 /* PBXContainerItemProxy */;
		};
		5447681F2B8C9699003AB8B4 /* PBXTargetDependency */ = {
			isa = PBXTargetDependency;
			target = 544767FC2B8C9697003AB8B4 /* Labaratory4 */;
			targetProxy = 5447681E2B8C9699003AB8B4 /* PBXContainerItemProxy */;
		};
/* End PBXTargetDependency section */

/* Begin PBXVariantGroup section */
		544768062B8C9697003AB8B4 /* Main.storyboard */ = {
			isa = PBXVariantGroup;
			children = (
				544768072B8C9697003AB8B4 /* Base */,
			);
			name = Main.storyboard;
			sourceTree = "<group>";
		};
		5447680B2B8C9699003AB8B4 /* LaunchScreen.storyboard */ = {
			isa = PBXVariantGroup;
			children = (
				5447680C2B8C9699003AB8B4 /* Base */,
			);
			name = LaunchScreen.storyboard;
			sourceTree = "<group>";
		};
/* End PBXVariantGroup section */

/* Begin XCBuildConfiguration section */
		544768252B8C9699003AB8B4 /* Debug */ = {
			isa = XCBuildConfiguration;
			buildSettings = {
				ALWAYS_SEARCH_USER_PATHS = NO;
				ASSETCATALOG_COMPILER_GENERATE_SWIFT_ASSET_SYMBOL_EXTENSIONS = YES;
				CLANG_ANALYZER_NONNULL = YES;
				CLANG_ANALYZER_NUMBER_OBJECT_CONVERSION = YES_AGGRESSIVE;
				CLANG_CXX_LANGUAGE_STANDARD = "gnu++20";
				CLANG_ENABLE_MODULES = YES;
				CLANG_ENABLE_OBJC_ARC = YES;
				CLANG_ENABLE_OBJC_WEAK = YES;
				CLANG_WARN_BLOCK_CAPTURE_AUTORELEASING = YES;
				CLANG_WARN_BOOL_CONVERSION = YES;
				CLANG_WARN_COMMA = YES;
				CLANG_WARN_CONSTANT_CONVERSION = YES;
				CLANG_WARN_DEPRECATED_OBJC_IMPLEMENTATIONS = YES;
				CLANG_WARN_DIRECT_OBJC_ISA_USAGE = YES_ERROR;
				CLANG_WARN_DOCUMENTATION_COMMENTS = YES;
				CLANG_WARN_EMPTY_BODY = YES;
				CLANG_WARN_ENUM_CONVERSION = YES;
				CLANG_WARN_INFINITE_RECURSION = YES;
				CLANG_WARN_INT_CONVERSION = YES;
				CLANG_WARN_NON_LITERAL_NULL_CONVERSION = YES;
				CLANG_WARN_OBJC_IMPLICIT_RETAIN_SELF = YES;
				CLANG_WARN_OBJC_LITERAL_CONVERSION = YES;
				CLANG_WARN_OBJC_ROOT_CLASS = YES_ERROR;
				CLANG_WARN_QUOTED_INCLUDE_IN_FRAMEWORK_HEADER = YES;
				CLANG_WARN_RANGE_LOOP_ANALYSIS = YES;
				CLANG_WARN_STRICT_PROTOTYPES = YES;
				CLANG_WARN_SUSPICIOUS_MOVE = YES;
				CLANG_WARN_UNGUARDED_AVAILABILITY = YES_AGGRESSIVE;
				CLANG_WARN_UNREACHABLE_CODE = YES;
				CLANG_WARN__DUPLICATE_METHOD_MATCH = YES;
				COPY_PHASE_STRIP = NO;
				DEBUG_INFORMATION_FORMAT = dwarf;
				ENABLE_STRICT_OBJC_MSGSEND = YES;
				ENABLE_TESTABILITY = YES;
				ENABLE_USER_SCRIPT_SANDBOXING = YES;
				GCC_C_LANGUAGE_STANDARD = gnu17;
				GCC_DYNAMIC_NO_PIC = NO;
				GCC_NO_COMMON_BLOCKS = YES;
				GCC_OPTIMIZATION_LEVEL = 0;
				GCC_PREPROCESSOR_DEFINITIONS = (
					"DEBUG=1",
					"$(inherited)",
				);
				GCC_WARN_64_TO_32_BIT_CONVERSION = YES;
				GCC_WARN_ABOUT_RETURN_TYPE = YES_ERROR;
				GCC_WARN_UNDECLARED_SELECTOR = YES;
				GCC_WARN_UNINITIALIZED_AUTOS = YES_AGGRESSIVE;
				GCC_WARN_UNUSED_FUNCTION = YES;
				GCC_WARN_UNUSED_VARIABLE = YES;
				IPHONEOS_DEPLOYMENT_TARGET = 17.2;
				LOCALIZATION_PREFERS_STRING_CATALOGS = YES;
				MTL_ENABLE_DEBUG_INFO = INCLUDE_SOURCE;
				MTL_FAST_MATH = YES;
				ONLY_ACTIVE_ARCH = YES;
				SDKROOT = iphoneos;
				SWIFT_ACTIVE_COMPILATION_CONDITIONS = "DEBUG $(inherited)";
				SWIFT_OPTIMIZATION_LEVEL = "-Onone";
			};
			name = Debug;
		};
		544768262B8C9699003AB8B4 /* Release */ = {
			isa = XCBuildConfiguration;
			buildSettings = {
				ALWAYS_SEARCH_USER_PATHS = NO;
				ASSETCATALOG_COMPILER_GENERATE_SWIFT_ASSET_SYMBOL_EXTENSIONS = YES;
				CLANG_ANALYZER_NONNULL = YES;
				CLANG_ANALYZER_NUMBER_OBJECT_CONVERSION = YES_AGGRESSIVE;
				CLANG_CXX_LANGUAGE_STANDARD = "gnu++20";
				CLANG_ENABLE_MODULES = YES;
				CLANG_ENABLE_OBJC_ARC = YES;
				CLANG_ENABLE_OBJC_WEAK = YES;
				CLANG_WARN_BLOCK_CAPTURE_AUTORELEASING = YES;
				CLANG_WARN_BOOL_CONVERSION = YES;
				CLANG_WARN_COMMA = YES;
				CLANG_WARN_CONSTANT_CONVERSION = YES;
				CLANG_WARN_DEPRECATED_OBJC_IMPLEMENTATIONS = YES;
				CLANG_WARN_DIRECT_OBJC_ISA_USAGE = YES_ERROR;
				CLANG_WARN_DOCUMENTATION_COMMENTS = YES;
				CLANG_WARN_EMPTY_BODY = YES;
				CLANG_WARN_ENUM_CONVERSION = YES;
				CLANG_WARN_INFINITE_RECURSION = YES;
				CLANG_WARN_INT_CONVERSION = YES;
				CLANG_WARN_NON_LITERAL_NULL_CONVERSION = YES;
				CLANG_WARN_OBJC_IMPLICIT_RETAIN_SELF = YES;
				CLANG_WARN_OBJC_LITERAL_CONVERSION = YES;
				CLANG_WARN_OBJC_ROOT_CLASS = YES_ERROR;
				CLANG_WARN_QUOTED_INCLUDE_IN_FRAMEWORK_HEADER = YES;
				CLANG_WARN_RANGE_LOOP_ANALYSIS = YES;
				CLANG_WARN_STRICT_PROTOTYPES = YES;
				CLANG_WARN_SUSPICIOUS_MOVE = YES;
				CLANG_WARN_UNGUARDED_AVAILABILITY = YES_AGGRESSIVE;
				CLANG_WARN_UNREACHABLE_CODE = YES;
				CLANG_WARN__DUPLICATE_METHOD_MATCH = YES;
				COPY_PHASE_STRIP = NO;
				DEBUG_INFORMATION_FORMAT = "dwarf-with-dsym";
				ENABLE_NS_ASSERTIONS = NO;
				ENABLE_STRICT_OBJC_MSGSEND = YES;
				ENABLE_USER_SCRIPT_SANDBOXING = YES;
				GCC_C_LANGUAGE_STANDARD = gnu17;
				GCC_NO_COMMON_BLOCKS = YES;
				GCC_WARN_64_TO_32_BIT_CONVERSION = YES;
				GCC_WARN_ABOUT_RETURN_TYPE = YES_ERROR;
				GCC_WARN_UNDECLARED_SELECTOR = YES;
				GCC_WARN_UNINITIALIZED_AUTOS = YES_AGGRESSIVE;
				GCC_WARN_UNUSED_FUNCTION = YES;
				GCC_WARN_UNUSED_VARIABLE = YES;
				IPHONEOS_DEPLOYMENT_TARGET = 17.2;
				LOCALIZATION_PREFERS_STRING_CATALOGS = YES;
				MTL_ENABLE_DEBUG_INFO = NO;
				MTL_FAST_MATH = YES;
				SDKROOT = iphoneos;
				SWIFT_COMPILATION_MODE = wholemodule;
				VALIDATE_PRODUCT = YES;
			};
			name = Release;
		};
		544768282B8C9699003AB8B4 /* Debug */ = {
			isa = XCBuildConfiguration;
			buildSettings = {
				ASSETCATALOG_COMPILER_APPICON_NAME = AppIcon;
				ASSETCATALOG_COMPILER_GLOBAL_ACCENT_COLOR_NAME = AccentColor;
				CODE_SIGN_STYLE = Automatic;
				CURRENT_PROJECT_VERSION = 1;
				DEVELOPMENT_TEAM = 243K3VZHM8;
				GENERATE_INFOPLIST_FILE = YES;
				INFOPLIST_FILE = Labaratory4/Info.plist;
				INFOPLIST_KEY_UIApplicationSupportsIndirectInputEvents = YES;
				INFOPLIST_KEY_UILaunchStoryboardName = LaunchScreen;
				INFOPLIST_KEY_UIMainStoryboardFile = Main;
				INFOPLIST_KEY_UISupportedInterfaceOrientations_iPad = "UIInterfaceOrientationPortrait UIInterfaceOrientationPortraitUpsideDown UIInterfaceOrientationLandscapeLeft UIInterfaceOrientationLandscapeRight";
				INFOPLIST_KEY_UISupportedInterfaceOrientations_iPhone = "UIInterfaceOrientationPortrait UIInterfaceOrientationLandscapeLeft UIInterfaceOrientationLandscapeRight";
				LD_RUNPATH_SEARCH_PATHS = (
					"$(inherited)",
					"@executable_path/Frameworks",
				);
				MARKETING_VERSION = 1.0;
				PRODUCT_BUNDLE_IDENTIFIER = labs.Labaratory4;
				PRODUCT_NAME = "$(TARGET_NAME)";
				SWIFT_EMIT_LOC_STRINGS = YES;
				SWIFT_VERSION = 5.0;
				TARGETED_DEVICE_FAMILY = "1,2";
			};
			name = Debug;
		};
		544768292B8C9699003AB8B4 /* Release */ = {
			isa = XCBuildConfiguration;
			buildSettings = {
				ASSETCATALOG_COMPILER_APPICON_NAME = AppIcon;
				ASSETCATALOG_COMPILER_GLOBAL_ACCENT_COLOR_NAME = AccentColor;
				CODE_SIGN_STYLE = Automatic;
				CURRENT_PROJECT_VERSION = 1;
				DEVELOPMENT_TEAM = 243K3VZHM8;
				GENERATE_INFOPLIST_FILE = YES;
				INFOPLIST_FILE = Labaratory4/Info.plist;
				INFOPLIST_KEY_UIApplicationSupportsIndirectInputEvents = YES;
				INFOPLIST_KEY_UILaunchStoryboardName = LaunchScreen;
				INFOPLIST_KEY_UIMainStoryboardFile = Main;
				INFOPLIST_KEY_UISupportedInterfaceOrientations_iPad = "UIInterfaceOrientationPortrait UIInterfaceOrientationPortraitUpsideDown UIInterfaceOrientationLandscapeLeft UIInterfaceOrientationLandscapeRight";
				INFOPLIST_KEY_UISupportedInterfaceOrientations_iPhone = "UIInterfaceOrientationPortrait UIInterfaceOrientationLandscapeLeft UIInterfaceOrientationLandscapeRight";
				LD_RUNPATH_SEARCH_PATHS = (
					"$(inherited)",
					"@executable_path/Frameworks",
				);
				MARKETING_VERSION = 1.0;
				PRODUCT_BUNDLE_IDENTIFIER = labs.Labaratory4;
				PRODUCT_NAME = "$(TARGET_NAME)";
				SWIFT_EMIT_LOC_STRINGS = YES;
				SWIFT_VERSION = 5.0;
				TARGETED_DEVICE_FAMILY = "1,2";
			};
			name = Release;
		};
		5447682B2B8C9699003AB8B4 /* Debug */ = {
			isa = XCBuildConfiguration;
			buildSettings = {
				ALWAYS_EMBED_SWIFT_STANDARD_LIBRARIES = YES;
				BUNDLE_LOADER = "$(TEST_HOST)";
				CODE_SIGN_STYLE = Automatic;
				CURRENT_PROJECT_VERSION = 1;
				GENERATE_INFOPLIST_FILE = YES;
				IPHONEOS_DEPLOYMENT_TARGET = 17.2;
				MARKETING_VERSION = 1.0;
				PRODUCT_BUNDLE_IDENTIFIER = labs.Labaratory4Tests;
				PRODUCT_NAME = "$(TARGET_NAME)";
				SWIFT_EMIT_LOC_STRINGS = NO;
				SWIFT_VERSION = 5.0;
				TARGETED_DEVICE_FAMILY = "1,2";
				TEST_HOST = "$(BUILT_PRODUCTS_DIR)/Labaratory4.app/$(BUNDLE_EXECUTABLE_FOLDER_PATH)/Labaratory4";
			};
			name = Debug;
		};
		5447682C2B8C9699003AB8B4 /* Release */ = {
			isa = XCBuildConfiguration;
			buildSettings = {
				ALWAYS_EMBED_SWIFT_STANDARD_LIBRARIES = YES;
				BUNDLE_LOADER = "$(TEST_HOST)";
				CODE_SIGN_STYLE = Automatic;
				CURRENT_PROJECT_VERSION = 1;
				GENERATE_INFOPLIST_FILE = YES;
				IPHONEOS_DEPLOYMENT_TARGET = 17.2;
				MARKETING_VERSION = 1.0;
				PRODUCT_BUNDLE_IDENTIFIER = labs.Labaratory4Tests;
				PRODUCT_NAME = "$(TARGET_NAME)";
				SWIFT_EMIT_LOC_STRINGS = NO;
				SWIFT_VERSION = 5.0;
				TARGETED_DEVICE_FAMILY = "1,2";
				TEST_HOST = "$(BUILT_PRODUCTS_DIR)/Labaratory4.app/$(BUNDLE_EXECUTABLE_FOLDER_PATH)/Labaratory4";
			};
			name = Release;
		};
		5447682E2B8C9699003AB8B4 /* Debug */ = {
			isa = XCBuildConfiguration;
			buildSettings = {
				ALWAYS_EMBED_SWIFT_STANDARD_LIBRARIES = YES;
				CODE_SIGN_STYLE = Automatic;
				CURRENT_PROJECT_VERSION = 1;
				GENERATE_INFOPLIST_FILE = YES;
				MARKETING_VERSION = 1.0;
				PRODUCT_BUNDLE_IDENTIFIER = labs.Labaratory4UITests;
				PRODUCT_NAME = "$(TARGET_NAME)";
				SWIFT_EMIT_LOC_STRINGS = NO;
				SWIFT_VERSION = 5.0;
				TARGETED_DEVICE_FAMILY = "1,2";
				TEST_TARGET_NAME = Labaratory4;
			};
			name = Debug;
		};
		5447682F2B8C9699003AB8B4 /* Release */ = {
			isa = XCBuildConfiguration;
			buildSettings = {
				ALWAYS_EMBED_SWIFT_STANDARD_LIBRARIES = YES;
				CODE_SIGN_STYLE = Automatic;
				CURRENT_PROJECT_VERSION = 1;
				GENERATE_INFOPLIST_FILE = YES;
				MARKETING_VERSION = 1.0;
				PRODUCT_BUNDLE_IDENTIFIER = labs.Labaratory4UITests;
				PRODUCT_NAME = "$(TARGET_NAME)";
				SWIFT_EMIT_LOC_STRINGS = NO;
				SWIFT_VERSION = 5.0;
				TARGETED_DEVICE_FAMILY = "1,2";
				TEST_TARGET_NAME = Labaratory4;
			};
			name = Release;
		};
/* End XCBuildConfiguration section */

/* Begin XCConfigurationList section */
		544767F82B8C9697003AB8B4 /* Build configuration list for PBXProject "Labaratory4" */ = {
			isa = XCConfigurationList;
			buildConfigurations = (
				544768252B8C9699003AB8B4 /* Debug */,
				544768262B8C9699003AB8B4 /* Release */,
			);
			defaultConfigurationIsVisible = 0;
			defaultConfigurationName = Release;
		};
		544768272B8C9699003AB8B4 /* Build configuration list for PBXNativeTarget "Labaratory4" */ = {
			isa = XCConfigurationList;
			buildConfigurations = (
				544768282B8C9699003AB8B4 /* Debug */,
				544768292B8C9699003AB8B4 /* Release */,
			);
			defaultConfigurationIsVisible = 0;
			defaultConfigurationName = Release;
		};
		5447682A2B8C9699003AB8B4 /* Build configuration list for PBXNativeTarget "Labaratory4Tests" */ = {
			isa = XCConfigurationList;
			buildConfigurations = (
				5447682B2B8C9699003AB8B4 /* Debug */,
				5447682C2B8C9699003AB8B4 /* Release */,
			);
			defaultConfigurationIsVisible = 0;
			defaultConfigurationName = Release;
		};
		5447682D2B8C9699003AB8B4 /* Build configuration list for PBXNativeTarget "Labaratory4UITests" */ = {
			isa = XCConfigurationList;
			buildConfigurations = (
				5447682E2B8C9699003AB8B4 /* Debug */,
				5447682F2B8C9699003AB8B4 /* Release */,
			);
			defaultConfigurationIsVisible = 0;
			defaultConfigurationName = Release;
		};
/* End XCConfigurationList section */
	};
	rootObject = 544767F52B8C9697003AB8B4 /* Project object */;
}
